// !$*UTF8*$!
{
	archiveVersion = 1;
	classes = {
	};
	objectVersion = 55;
	objects = {

/* Begin PBXBuildFile section */
		23F7012728172D5C006C9ACE /* The_Red_AllianceApp.swift in Sources */ = {isa = PBXBuildFile; fileRef = 23F700FF28172D5B006C9ACE /* The_Red_AllianceApp.swift */; };
		23F7012928172D5C006C9ACE /* ContentView.swift in Sources */ = {isa = PBXBuildFile; fileRef = 23F7010028172D5B006C9ACE /* ContentView.swift */; };
		23F7012B28172D5C006C9ACE /* Assets.xcassets in Resources */ = {isa = PBXBuildFile; fileRef = 23F7010128172D5C006C9ACE /* Assets.xcassets */; };
		23F70140281738C1006C9ACE /* Assets.xcassets in Resources */ = {isa = PBXBuildFile; fileRef = 23F7013F281738C1006C9ACE /* Assets.xcassets */; };
		23F70146281738C1006C9ACE /* The Red Alliance WatchKit Extension.appex in Embed App Extensions */ = {isa = PBXBuildFile; fileRef = 23F70145281738C1006C9ACE /* The Red Alliance WatchKit Extension.appex */; settings = {ATTRIBUTES = (RemoveHeadersOnCopy, ); }; };
		23F7014B281738C1006C9ACE /* The_Red_AllianceApp.swift in Sources */ = {isa = PBXBuildFile; fileRef = 23F7014A281738C1006C9ACE /* The_Red_AllianceApp.swift */; };
		23F7014D281738C1006C9ACE /* ContentView.swift in Sources */ = {isa = PBXBuildFile; fileRef = 23F7014C281738C1006C9ACE /* ContentView.swift */; };
		23F7014F281738C1006C9ACE /* NotificationController.swift in Sources */ = {isa = PBXBuildFile; fileRef = 23F7014E281738C1006C9ACE /* NotificationController.swift */; };
		23F70151281738C1006C9ACE /* NotificationView.swift in Sources */ = {isa = PBXBuildFile; fileRef = 23F70150281738C1006C9ACE /* NotificationView.swift */; };
		23F70153281738C1006C9ACE /* ComplicationController.swift in Sources */ = {isa = PBXBuildFile; fileRef = 23F70152281738C1006C9ACE /* ComplicationController.swift */; };
		23F70155281738C2006C9ACE /* Assets.xcassets in Resources */ = {isa = PBXBuildFile; fileRef = 23F70154281738C2006C9ACE /* Assets.xcassets */; };
		23F70158281738C2006C9ACE /* Preview Assets.xcassets in Resources */ = {isa = PBXBuildFile; fileRef = 23F70157281738C2006C9ACE /* Preview Assets.xcassets */; };
		23F70173281738C3006C9ACE /* Chuck Norris.app in Embed Watch Content */ = {isa = PBXBuildFile; fileRef = 23F7013D281738BF006C9ACE /* Chuck Norris.app */; settings = {ATTRIBUTES = (RemoveHeadersOnCopy, ); }; };
/* End PBXBuildFile section */

/* Begin PBXContainerItemProxy section */
		23F70147281738C1006C9ACE /* PBXContainerItemProxy */ = {
			isa = PBXContainerItemProxy;
			containerPortal = 23F700FA28172D5A006C9ACE /* Project object */;
			proxyType = 1;
			remoteGlobalIDString = 23F70144281738C1006C9ACE;
			remoteInfo = "The Red Alliance WatchKit Extension";
		};
		23F70171281738C3006C9ACE /* PBXContainerItemProxy */ = {
			isa = PBXContainerItemProxy;
			containerPortal = 23F700FA28172D5A006C9ACE /* Project object */;
			proxyType = 1;
			remoteGlobalIDString = 23F7013C281738BF006C9ACE;
			remoteInfo = "The Red Alliance";
		};
/* End PBXContainerItemProxy section */

/* Begin PBXCopyFilesBuildPhase section */
		23F70177281738C3006C9ACE /* Embed App Extensions */ = {
			isa = PBXCopyFilesBuildPhase;
			buildActionMask = 2147483647;
			dstPath = "";
			dstSubfolderSpec = 13;
			files = (
				23F70146281738C1006C9ACE /* The Red Alliance WatchKit Extension.appex in Embed App Extensions */,
			);
			name = "Embed App Extensions";
			runOnlyForDeploymentPostprocessing = 0;
		};
		23F7017B281738C3006C9ACE /* Embed Watch Content */ = {
			isa = PBXCopyFilesBuildPhase;
			buildActionMask = 2147483647;
			dstPath = "$(CONTENTS_FOLDER_PATH)/Watch";
			dstSubfolderSpec = 16;
			files = (
				23F70173281738C3006C9ACE /* Chuck Norris.app in Embed Watch Content */,
			);
			name = "Embed Watch Content";
			runOnlyForDeploymentPostprocessing = 0;
		};
/* End PBXCopyFilesBuildPhase section */

/* Begin PBXFileReference section */
		23F700FF28172D5B006C9ACE /* The_Red_AllianceApp.swift */ = {isa = PBXFileReference; lastKnownFileType = sourcecode.swift; path = The_Red_AllianceApp.swift; sourceTree = "<group>"; };
		23F7010028172D5B006C9ACE /* ContentView.swift */ = {isa = PBXFileReference; lastKnownFileType = sourcecode.swift; path = ContentView.swift; sourceTree = "<group>"; };
		23F7010128172D5C006C9ACE /* Assets.xcassets */ = {isa = PBXFileReference; lastKnownFileType = folder.assetcatalog; path = Assets.xcassets; sourceTree = "<group>"; };
		23F7010628172D5C006C9ACE /* Chuck Norris.app */ = {isa = PBXFileReference; explicitFileType = wrapper.application; includeInIndex = 0; path = "Chuck Norris.app"; sourceTree = BUILT_PRODUCTS_DIR; };
		23F7013D281738BF006C9ACE /* Chuck Norris.app */ = {isa = PBXFileReference; explicitFileType = wrapper.application; includeInIndex = 0; path = "Chuck Norris.app"; sourceTree = BUILT_PRODUCTS_DIR; };
		23F7013F281738C1006C9ACE /* Assets.xcassets */ = {isa = PBXFileReference; lastKnownFileType = folder.assetcatalog; path = Assets.xcassets; sourceTree = "<group>"; };
		23F70145281738C1006C9ACE /* The Red Alliance WatchKit Extension.appex */ = {isa = PBXFileReference; explicitFileType = "wrapper.app-extension"; includeInIndex = 0; path = "The Red Alliance WatchKit Extension.appex"; sourceTree = BUILT_PRODUCTS_DIR; };
		23F7014A281738C1006C9ACE /* The_Red_AllianceApp.swift */ = {isa = PBXFileReference; lastKnownFileType = sourcecode.swift; path = The_Red_AllianceApp.swift; sourceTree = "<group>"; };
		23F7014C281738C1006C9ACE /* ContentView.swift */ = {isa = PBXFileReference; lastKnownFileType = sourcecode.swift; path = ContentView.swift; sourceTree = "<group>"; };
		23F7014E281738C1006C9ACE /* NotificationController.swift */ = {isa = PBXFileReference; lastKnownFileType = sourcecode.swift; path = NotificationController.swift; sourceTree = "<group>"; };
		23F70150281738C1006C9ACE /* NotificationView.swift */ = {isa = PBXFileReference; lastKnownFileType = sourcecode.swift; path = NotificationView.swift; sourceTree = "<group>"; };
		23F70152281738C1006C9ACE /* ComplicationController.swift */ = {isa = PBXFileReference; lastKnownFileType = sourcecode.swift; path = ComplicationController.swift; sourceTree = "<group>"; };
		23F70154281738C2006C9ACE /* Assets.xcassets */ = {isa = PBXFileReference; lastKnownFileType = folder.assetcatalog; path = Assets.xcassets; sourceTree = "<group>"; };
		23F70157281738C2006C9ACE /* Preview Assets.xcassets */ = {isa = PBXFileReference; lastKnownFileType = folder.assetcatalog; path = "Preview Assets.xcassets"; sourceTree = "<group>"; };
		23F70159281738C2006C9ACE /* Info.plist */ = {isa = PBXFileReference; lastKnownFileType = text.plist.xml; path = Info.plist; sourceTree = "<group>"; };
		23F7015A281738C2006C9ACE /* PushNotificationPayload.apns */ = {isa = PBXFileReference; lastKnownFileType = text; path = PushNotificationPayload.apns; sourceTree = "<group>"; };
/* End PBXFileReference section */

/* Begin PBXFrameworksBuildPhase section */
		23F7010328172D5C006C9ACE /* Frameworks */ = {
			isa = PBXFrameworksBuildPhase;
			buildActionMask = 2147483647;
			files = (
			);
			runOnlyForDeploymentPostprocessing = 0;
		};
		23F70142281738C1006C9ACE /* Frameworks */ = {
			isa = PBXFrameworksBuildPhase;
			buildActionMask = 2147483647;
			files = (
			);
			runOnlyForDeploymentPostprocessing = 0;
		};
/* End PBXFrameworksBuildPhase section */

/* Begin PBXGroup section */
		23F700F928172D5A006C9ACE = {
			isa = PBXGroup;
			children = (
				23F700FE28172D5B006C9ACE /* Shared */,
				23F7013E281738BF006C9ACE /* The Red Alliance */,
				23F70149281738C1006C9ACE /* The Red Alliance WatchKit Extension */,
				23F7010728172D5C006C9ACE /* Products */,
			);
			sourceTree = "<group>";
		};
		23F700FE28172D5B006C9ACE /* Shared */ = {
			isa = PBXGroup;
			children = (
				23F700FF28172D5B006C9ACE /* The_Red_AllianceApp.swift */,
				23F7010028172D5B006C9ACE /* ContentView.swift */,
				23F7010128172D5C006C9ACE /* Assets.xcassets */,
			);
			path = Shared;
			sourceTree = "<group>";
		};
		23F7010728172D5C006C9ACE /* Products */ = {
			isa = PBXGroup;
			children = (
				23F7010628172D5C006C9ACE /* Chuck Norris.app */,
				23F7013D281738BF006C9ACE /* Chuck Norris.app */,
				23F70145281738C1006C9ACE /* The Red Alliance WatchKit Extension.appex */,
			);
			name = Products;
			sourceTree = "<group>";
		};
		23F7013E281738BF006C9ACE /* The Red Alliance */ = {
			isa = PBXGroup;
			children = (
				23F7013F281738C1006C9ACE /* Assets.xcassets */,
			);
			path = "The Red Alliance";
			sourceTree = "<group>";
		};
		23F70149281738C1006C9ACE /* The Red Alliance WatchKit Extension */ = {
			isa = PBXGroup;
			children = (
				23F7014A281738C1006C9ACE /* The_Red_AllianceApp.swift */,
				23F7014C281738C1006C9ACE /* ContentView.swift */,
				23F7014E281738C1006C9ACE /* NotificationController.swift */,
				23F70150281738C1006C9ACE /* NotificationView.swift */,
				23F70152281738C1006C9ACE /* ComplicationController.swift */,
				23F70154281738C2006C9ACE /* Assets.xcassets */,
				23F70159281738C2006C9ACE /* Info.plist */,
				23F7015A281738C2006C9ACE /* PushNotificationPayload.apns */,
				23F70156281738C2006C9ACE /* Preview Content */,
			);
			path = "The Red Alliance WatchKit Extension";
			sourceTree = "<group>";
		};
		23F70156281738C2006C9ACE /* Preview Content */ = {
			isa = PBXGroup;
			children = (
				23F70157281738C2006C9ACE /* Preview Assets.xcassets */,
			);
			path = "Preview Content";
			sourceTree = "<group>";
		};
/* End PBXGroup section */

/* Begin PBXNativeTarget section */
		23F7010528172D5C006C9ACE /* The Red Alliance (iOS) */ = {
			isa = PBXNativeTarget;
			buildConfigurationList = 23F7012F28172D5C006C9ACE /* Build configuration list for PBXNativeTarget "The Red Alliance (iOS)" */;
			buildPhases = (
				23F7010228172D5C006C9ACE /* Sources */,
				23F7010328172D5C006C9ACE /* Frameworks */,
				23F7010428172D5C006C9ACE /* Resources */,
				23F7017B281738C3006C9ACE /* Embed Watch Content */,
			);
			buildRules = (
			);
			dependencies = (
				23F70172281738C3006C9ACE /* PBXTargetDependency */,
			);
			name = "The Red Alliance (iOS)";
			productName = "The Red Alliance (iOS)";
			productReference = 23F7010628172D5C006C9ACE /* Chuck Norris.app */;
			productType = "com.apple.product-type.application";
		};
		23F7013C281738BF006C9ACE /* The Red Alliance */ = {
			isa = PBXNativeTarget;
			buildConfigurationList = 23F70178281738C3006C9ACE /* Build configuration list for PBXNativeTarget "The Red Alliance" */;
			buildPhases = (
				23F7013B281738BF006C9ACE /* Resources */,
				23F70177281738C3006C9ACE /* Embed App Extensions */,
			);
			buildRules = (
			);
			dependencies = (
				23F70148281738C1006C9ACE /* PBXTargetDependency */,
			);
			name = "The Red Alliance";
			productName = "The Red Alliance";
			productReference = 23F7013D281738BF006C9ACE /* Chuck Norris.app */;
			productType = "com.apple.product-type.application.watchapp2";
		};
		23F70144281738C1006C9ACE /* The Red Alliance WatchKit Extension */ = {
			isa = PBXNativeTarget;
			buildConfigurationList = 23F70174281738C3006C9ACE /* Build configuration list for PBXNativeTarget "The Red Alliance WatchKit Extension" */;
			buildPhases = (
				23F70141281738C1006C9ACE /* Sources */,
				23F70142281738C1006C9ACE /* Frameworks */,
				23F70143281738C1006C9ACE /* Resources */,
			);
			buildRules = (
			);
			dependencies = (
			);
			name = "The Red Alliance WatchKit Extension";
			productName = "The Red Alliance WatchKit Extension";
			productReference = 23F70145281738C1006C9ACE /* The Red Alliance WatchKit Extension.appex */;
			productType = "com.apple.product-type.watchkit2-extension";
		};
/* End PBXNativeTarget section */

/* Begin PBXProject section */
		23F700FA28172D5A006C9ACE /* Project object */ = {
			isa = PBXProject;
			attributes = {
				BuildIndependentTargetsInParallel = 1;
				LastSwiftUpdateCheck = 1330;
				LastUpgradeCheck = 1330;
				TargetAttributes = {
					23F7010528172D5C006C9ACE = {
						CreatedOnToolsVersion = 13.3.1;
					};
					23F7013C281738BF006C9ACE = {
						CreatedOnToolsVersion = 13.3.1;
					};
					23F70144281738C1006C9ACE = {
						CreatedOnToolsVersion = 13.3.1;
					};
				};
			};
			buildConfigurationList = 23F700FD28172D5A006C9ACE /* Build configuration list for PBXProject "The Red Alliance" */;
			compatibilityVersion = "Xcode 13.0";
			developmentRegion = en;
			hasScannedForEncodings = 0;
			knownRegions = (
				en,
				Base,
			);
			mainGroup = 23F700F928172D5A006C9ACE;
			productRefGroup = 23F7010728172D5C006C9ACE /* Products */;
			projectDirPath = "";
			projectRoot = "";
			targets = (
				23F7010528172D5C006C9ACE /* The Red Alliance (iOS) */,
				23F7013C281738BF006C9ACE /* The Red Alliance */,
				23F70144281738C1006C9ACE /* The Red Alliance WatchKit Extension */,
			);
		};
/* End PBXProject section */

/* Begin PBXResourcesBuildPhase section */
		23F7010428172D5C006C9ACE /* Resources */ = {
			isa = PBXResourcesBuildPhase;
			buildActionMask = 2147483647;
			files = (
				23F7012B28172D5C006C9ACE /* Assets.xcassets in Resources */,
			);
			runOnlyForDeploymentPostprocessing = 0;
		};
		23F7013B281738BF006C9ACE /* Resources */ = {
			isa = PBXResourcesBuildPhase;
			buildActionMask = 2147483647;
			files = (
				23F70140281738C1006C9ACE /* Assets.xcassets in Resources */,
			);
			runOnlyForDeploymentPostprocessing = 0;
		};
		23F70143281738C1006C9ACE /* Resources */ = {
			isa = PBXResourcesBuildPhase;
			buildActionMask = 2147483647;
			files = (
				23F70158281738C2006C9ACE /* Preview Assets.xcassets in Resources */,
				23F70155281738C2006C9ACE /* Assets.xcassets in Resources */,
			);
			runOnlyForDeploymentPostprocessing = 0;
		};
/* End PBXResourcesBuildPhase section */

/* Begin PBXSourcesBuildPhase section */
		23F7010228172D5C006C9ACE /* Sources */ = {
			isa = PBXSourcesBuildPhase;
			buildActionMask = 2147483647;
			files = (
				23F7012928172D5C006C9ACE /* ContentView.swift in Sources */,
				23F7012728172D5C006C9ACE /* The_Red_AllianceApp.swift in Sources */,
			);
			runOnlyForDeploymentPostprocessing = 0;
		};
		23F70141281738C1006C9ACE /* Sources */ = {
			isa = PBXSourcesBuildPhase;
			buildActionMask = 2147483647;
			files = (
				23F7014F281738C1006C9ACE /* NotificationController.swift in Sources */,
				23F7014D281738C1006C9ACE /* ContentView.swift in Sources */,
				23F70153281738C1006C9ACE /* ComplicationController.swift in Sources */,
				23F7014B281738C1006C9ACE /* The_Red_AllianceApp.swift in Sources */,
				23F70151281738C1006C9ACE /* NotificationView.swift in Sources */,
			);
			runOnlyForDeploymentPostprocessing = 0;
		};
/* End PBXSourcesBuildPhase section */

/* Begin PBXTargetDependency section */
		23F70148281738C1006C9ACE /* PBXTargetDependency */ = {
			isa = PBXTargetDependency;
			target = 23F70144281738C1006C9ACE /* The Red Alliance WatchKit Extension */;
			targetProxy = 23F70147281738C1006C9ACE /* PBXContainerItemProxy */;
		};
		23F70172281738C3006C9ACE /* PBXTargetDependency */ = {
			isa = PBXTargetDependency;
			target = 23F7013C281738BF006C9ACE /* The Red Alliance */;
			targetProxy = 23F70171281738C3006C9ACE /* PBXContainerItemProxy */;
		};
/* End PBXTargetDependency section */

/* Begin XCBuildConfiguration section */
		23F7012D28172D5C006C9ACE /* Debug */ = {
			isa = XCBuildConfiguration;
			buildSettings = {
				ALWAYS_SEARCH_USER_PATHS = NO;
				CLANG_ANALYZER_NONNULL = YES;
				CLANG_ANALYZER_NUMBER_OBJECT_CONVERSION = YES_AGGRESSIVE;
				CLANG_CXX_LANGUAGE_STANDARD = "gnu++17";
				CLANG_ENABLE_MODULES = YES;
				CLANG_ENABLE_OBJC_ARC = YES;
				CLANG_ENABLE_OBJC_WEAK = YES;
				CLANG_WARN_BLOCK_CAPTURE_AUTORELEASING = YES;
				CLANG_WARN_BOOL_CONVERSION = YES;
				CLANG_WARN_COMMA = YES;
				CLANG_WARN_CONSTANT_CONVERSION = YES;
				CLANG_WARN_DEPRECATED_OBJC_IMPLEMENTATIONS = YES;
				CLANG_WARN_DIRECT_OBJC_ISA_USAGE = YES_ERROR;
				CLANG_WARN_DOCUMENTATION_COMMENTS = YES;
				CLANG_WARN_EMPTY_BODY = YES;
				CLANG_WARN_ENUM_CONVERSION = YES;
				CLANG_WARN_INFINITE_RECURSION = YES;
				CLANG_WARN_INT_CONVERSION = YES;
				CLANG_WARN_NON_LITERAL_NULL_CONVERSION = YES;
				CLANG_WARN_OBJC_IMPLICIT_RETAIN_SELF = YES;
				CLANG_WARN_OBJC_LITERAL_CONVERSION = YES;
				CLANG_WARN_OBJC_ROOT_CLASS = YES_ERROR;
				CLANG_WARN_QUOTED_INCLUDE_IN_FRAMEWORK_HEADER = YES;
				CLANG_WARN_RANGE_LOOP_ANALYSIS = YES;
				CLANG_WARN_STRICT_PROTOTYPES = YES;
				CLANG_WARN_SUSPICIOUS_MOVE = YES;
				CLANG_WARN_UNGUARDED_AVAILABILITY = YES_AGGRESSIVE;
				CLANG_WARN_UNREACHABLE_CODE = YES;
				CLANG_WARN__DUPLICATE_METHOD_MATCH = YES;
				COPY_PHASE_STRIP = NO;
				DEBUG_INFORMATION_FORMAT = dwarf;
				ENABLE_STRICT_OBJC_MSGSEND = YES;
				ENABLE_TESTABILITY = YES;
				GCC_C_LANGUAGE_STANDARD = gnu11;
				GCC_DYNAMIC_NO_PIC = NO;
				GCC_NO_COMMON_BLOCKS = YES;
				GCC_OPTIMIZATION_LEVEL = 0;
				GCC_PREPROCESSOR_DEFINITIONS = (
					"DEBUG=1",
					"$(inherited)",
				);
				GCC_WARN_64_TO_32_BIT_CONVERSION = YES;
				GCC_WARN_ABOUT_RETURN_TYPE = YES_ERROR;
				GCC_WARN_UNDECLARED_SELECTOR = YES;
				GCC_WARN_UNINITIALIZED_AUTOS = YES_AGGRESSIVE;
				GCC_WARN_UNUSED_FUNCTION = YES;
				GCC_WARN_UNUSED_VARIABLE = YES;
				MTL_ENABLE_DEBUG_INFO = INCLUDE_SOURCE;
				MTL_FAST_MATH = YES;
				ONLY_ACTIVE_ARCH = YES;
				SWIFT_ACTIVE_COMPILATION_CONDITIONS = DEBUG;
				SWIFT_OPTIMIZATION_LEVEL = "-Onone";
			};
			name = Debug;
		};
		23F7012E28172D5C006C9ACE /* Release */ = {
			isa = XCBuildConfiguration;
			buildSettings = {
				ALWAYS_SEARCH_USER_PATHS = NO;
				CLANG_ANALYZER_NONNULL = YES;
				CLANG_ANALYZER_NUMBER_OBJECT_CONVERSION = YES_AGGRESSIVE;
				CLANG_CXX_LANGUAGE_STANDARD = "gnu++17";
				CLANG_ENABLE_MODULES = YES;
				CLANG_ENABLE_OBJC_ARC = YES;
				CLANG_ENABLE_OBJC_WEAK = YES;
				CLANG_WARN_BLOCK_CAPTURE_AUTORELEASING = YES;
				CLANG_WARN_BOOL_CONVERSION = YES;
				CLANG_WARN_COMMA = YES;
				CLANG_WARN_CONSTANT_CONVERSION = YES;
				CLANG_WARN_DEPRECATED_OBJC_IMPLEMENTATIONS = YES;
				CLANG_WARN_DIRECT_OBJC_ISA_USAGE = YES_ERROR;
				CLANG_WARN_DOCUMENTATION_COMMENTS = YES;
				CLANG_WARN_EMPTY_BODY = YES;
				CLANG_WARN_ENUM_CONVERSION = YES;
				CLANG_WARN_INFINITE_RECURSION = YES;
				CLANG_WARN_INT_CONVERSION = YES;
				CLANG_WARN_NON_LITERAL_NULL_CONVERSION = YES;
				CLANG_WARN_OBJC_IMPLICIT_RETAIN_SELF = YES;
				CLANG_WARN_OBJC_LITERAL_CONVERSION = YES;
				CLANG_WARN_OBJC_ROOT_CLASS = YES_ERROR;
				CLANG_WARN_QUOTED_INCLUDE_IN_FRAMEWORK_HEADER = YES;
				CLANG_WARN_RANGE_LOOP_ANALYSIS = YES;
				CLANG_WARN_STRICT_PROTOTYPES = YES;
				CLANG_WARN_SUSPICIOUS_MOVE = YES;
				CLANG_WARN_UNGUARDED_AVAILABILITY = YES_AGGRESSIVE;
				CLANG_WARN_UNREACHABLE_CODE = YES;
				CLANG_WARN__DUPLICATE_METHOD_MATCH = YES;
				COPY_PHASE_STRIP = NO;
				DEBUG_INFORMATION_FORMAT = "dwarf-with-dsym";
				ENABLE_NS_ASSERTIONS = NO;
				ENABLE_STRICT_OBJC_MSGSEND = YES;
				GCC_C_LANGUAGE_STANDARD = gnu11;
				GCC_NO_COMMON_BLOCKS = YES;
				GCC_WARN_64_TO_32_BIT_CONVERSION = YES;
				GCC_WARN_ABOUT_RETURN_TYPE = YES_ERROR;
				GCC_WARN_UNDECLARED_SELECTOR = YES;
				GCC_WARN_UNINITIALIZED_AUTOS = YES_AGGRESSIVE;
				GCC_WARN_UNUSED_FUNCTION = YES;
				GCC_WARN_UNUSED_VARIABLE = YES;
				MTL_ENABLE_DEBUG_INFO = NO;
				MTL_FAST_MATH = YES;
				SWIFT_COMPILATION_MODE = wholemodule;
				SWIFT_OPTIMIZATION_LEVEL = "-O";
			};
			name = Release;
		};
		23F7013028172D5C006C9ACE /* Debug */ = {
			isa = XCBuildConfiguration;
			buildSettings = {
				ASSETCATALOG_COMPILER_APPICON_NAME = AppIcon;
				ASSETCATALOG_COMPILER_GLOBAL_ACCENT_COLOR_NAME = AccentColor;
				CODE_SIGN_STYLE = Automatic;
				CURRENT_PROJECT_VERSION = 1;
				DEVELOPMENT_TEAM = D48Z5YXC6W;
				ENABLE_PREVIEWS = YES;
				GENERATE_INFOPLIST_FILE = YES;
				INFOPLIST_KEY_UIApplicationSceneManifest_Generation = YES;
				INFOPLIST_KEY_UIApplicationSupportsIndirectInputEvents = YES;
				INFOPLIST_KEY_UILaunchScreen_Generation = YES;
				INFOPLIST_KEY_UISupportedInterfaceOrientations_iPad = "UIInterfaceOrientationPortrait UIInterfaceOrientationPortraitUpsideDown UIInterfaceOrientationLandscapeLeft UIInterfaceOrientationLandscapeRight";
				INFOPLIST_KEY_UISupportedInterfaceOrientations_iPhone = "UIInterfaceOrientationPortrait UIInterfaceOrientationLandscapeLeft UIInterfaceOrientationLandscapeRight";
				IPHONEOS_DEPLOYMENT_TARGET = 15.0;
				LD_RUNPATH_SEARCH_PATHS = (
					"$(inherited)",
					"@executable_path/Frameworks",
				);
				MARKETING_VERSION = 1.0;
				PRODUCT_BUNDLE_IDENTIFIER = "com.Brady-Adams.The-Red-Alliance";
				PRODUCT_NAME = "Chuck Norris";
				SDKROOT = iphoneos;
				SWIFT_EMIT_LOC_STRINGS = YES;
				SWIFT_VERSION = 5.0;
				TARGETED_DEVICE_FAMILY = "1,2";
			};
			name = Debug;
		};
		23F7013128172D5C006C9ACE /* Release */ = {
			isa = XCBuildConfiguration;
			buildSettings = {
				ASSETCATALOG_COMPILER_APPICON_NAME = AppIcon;
				ASSETCATALOG_COMPILER_GLOBAL_ACCENT_COLOR_NAME = AccentColor;
				CODE_SIGN_STYLE = Automatic;
				CURRENT_PROJECT_VERSION = 1;
				DEVELOPMENT_TEAM = D48Z5YXC6W;
				ENABLE_PREVIEWS = YES;
				GENERATE_INFOPLIST_FILE = YES;
				INFOPLIST_KEY_UIApplicationSceneManifest_Generation = YES;
				INFOPLIST_KEY_UIApplicationSupportsIndirectInputEvents = YES;
				INFOPLIST_KEY_UILaunchScreen_Generation = YES;
				INFOPLIST_KEY_UISupportedInterfaceOrientations_iPad = "UIInterfaceOrientationPortrait UIInterfaceOrientationPortraitUpsideDown UIInterfaceOrientationLandscapeLeft UIInterfaceOrientationLandscapeRight";
				INFOPLIST_KEY_UISupportedInterfaceOrientations_iPhone = "UIInterfaceOrientationPortrait UIInterfaceOrientationLandscapeLeft UIInterfaceOrientationLandscapeRight";
				IPHONEOS_DEPLOYMENT_TARGET = 15.0;
				LD_RUNPATH_SEARCH_PATHS = (
					"$(inherited)",
					"@executable_path/Frameworks",
				);
				MARKETING_VERSION = 1.0;
				PRODUCT_BUNDLE_IDENTIFIER = "com.Brady-Adams.The-Red-Alliance";
				PRODUCT_NAME = "Chuck Norris";
				SDKROOT = iphoneos;
				SWIFT_EMIT_LOC_STRINGS = YES;
				SWIFT_VERSION = 5.0;
				TARGETED_DEVICE_FAMILY = "1,2";
				VALIDATE_PRODUCT = YES;
			};
			name = Release;
		};
		23F70175281738C3006C9ACE /* Debug */ = {
			isa = XCBuildConfiguration;
			buildSettings = {
				ASSETCATALOG_COMPILER_COMPLICATION_NAME = Complication;
				CODE_SIGN_STYLE = Automatic;
				CURRENT_PROJECT_VERSION = 1;
				DEVELOPMENT_ASSET_PATHS = "\"The Red Alliance WatchKit Extension/Preview Content\"";
				DEVELOPMENT_TEAM = D48Z5YXC6W;
				ENABLE_PREVIEWS = YES;
				GENERATE_INFOPLIST_FILE = YES;
				INFOPLIST_FILE = "The Red Alliance WatchKit Extension/Info.plist";
				INFOPLIST_KEY_CFBundleDisplayName = "Chuck Norris WatchKit Extension";
				INFOPLIST_KEY_CLKComplicationPrincipalClass = The_Red_Alliance_WatchKit_Extension.ComplicationController;
				INFOPLIST_KEY_NSHumanReadableCopyright = "";
				LD_RUNPATH_SEARCH_PATHS = (
					"$(inherited)",
					"@executable_path/Frameworks",
					"@executable_path/../../Frameworks",
				);
				MARKETING_VERSION = 1.0;
				PRODUCT_BUNDLE_IDENTIFIER = "com.Brady-Adams.The-Red-Alliance.watchkitapp.watchkitextension";
				PRODUCT_NAME = "${TARGET_NAME}";
				SDKROOT = watchos;
				SKIP_INSTALL = YES;
				SWIFT_EMIT_LOC_STRINGS = YES;
				SWIFT_VERSION = 5.0;
				TARGETED_DEVICE_FAMILY = 4;
				WATCHOS_DEPLOYMENT_TARGET = 8.5;
			};
			name = Debug;
		};
		23F70176281738C3006C9ACE /* Release */ = {
			isa = XCBuildConfiguration;
			buildSettings = {
				ASSETCATALOG_COMPILER_COMPLICATION_NAME = Complication;
				CODE_SIGN_STYLE = Automatic;
				CURRENT_PROJECT_VERSION = 1;
				DEVELOPMENT_ASSET_PATHS = "\"The Red Alliance WatchKit Extension/Preview Content\"";
				DEVELOPMENT_TEAM = D48Z5YXC6W;
				ENABLE_PREVIEWS = YES;
				GENERATE_INFOPLIST_FILE = YES;
				INFOPLIST_FILE = "The Red Alliance WatchKit Extension/Info.plist";
				INFOPLIST_KEY_CFBundleDisplayName = "Chuck Norris WatchKit Extension";
				INFOPLIST_KEY_CLKComplicationPrincipalClass = The_Red_Alliance_WatchKit_Extension.ComplicationController;
				INFOPLIST_KEY_NSHumanReadableCopyright = "";
				LD_RUNPATH_SEARCH_PATHS = (
					"$(inherited)",
					"@executable_path/Frameworks",
					"@executable_path/../../Frameworks",
				);
				MARKETING_VERSION = 1.0;
				PRODUCT_BUNDLE_IDENTIFIER = "com.Brady-Adams.The-Red-Alliance.watchkitapp.watchkitextension";
				PRODUCT_NAME = "${TARGET_NAME}";
				SDKROOT = watchos;
				SKIP_INSTALL = YES;
				SWIFT_EMIT_LOC_STRINGS = YES;
				SWIFT_VERSION = 5.0;
				TARGETED_DEVICE_FAMILY = 4;
				VALIDATE_PRODUCT = YES;
				WATCHOS_DEPLOYMENT_TARGET = 8.5;
			};
			name = Release;
		};
		23F70179281738C3006C9ACE /* Debug */ = {
			isa = XCBuildConfiguration;
			buildSettings = {
				ALWAYS_EMBED_SWIFT_STANDARD_LIBRARIES = YES;
				ASSETCATALOG_COMPILER_APPICON_NAME = AppIcon;
				ASSETCATALOG_COMPILER_GLOBAL_ACCENT_COLOR_NAME = AccentColor;
				CODE_SIGN_STYLE = Automatic;
				CURRENT_PROJECT_VERSION = 1;
				DEVELOPMENT_TEAM = D48Z5YXC6W;
				GENERATE_INFOPLIST_FILE = YES;
				IBSC_MODULE = The_Red_Alliance_WatchKit_Extension;
				INFOPLIST_KEY_UISupportedInterfaceOrientations = "UIInterfaceOrientationPortrait UIInterfaceOrientationPortraitUpsideDown";
				INFOPLIST_KEY_WKCompanionAppBundleIdentifier = "com.Brady-Adams.The-Red-Alliance";
				MARKETING_VERSION = 1.0;
				PRODUCT_BUNDLE_IDENTIFIER = "com.Brady-Adams.The-Red-Alliance.watchkitapp";
				PRODUCT_NAME = "Chuck Norris";
				SDKROOT = watchos;
				SKIP_INSTALL = YES;
				SWIFT_EMIT_LOC_STRINGS = YES;
				SWIFT_VERSION = 5.0;
				TARGETED_DEVICE_FAMILY = 4;
				WATCHOS_DEPLOYMENT_TARGET = 8.5;
			};
			name = Debug;
		};
		23F7017A281738C3006C9ACE /* Release */ = {
			isa = XCBuildConfiguration;
			buildSettings = {
				ALWAYS_EMBED_SWIFT_STANDARD_LIBRARIES = YES;
				ASSETCATALOG_COMPILER_APPICON_NAME = AppIcon;
				ASSETCATALOG_COMPILER_GLOBAL_ACCENT_COLOR_NAME = AccentColor;
				CODE_SIGN_STYLE = Automatic;
				CURRENT_PROJECT_VERSION = 1;
				DEVELOPMENT_TEAM = D48Z5YXC6W;
				GENERATE_INFOPLIST_FILE = YES;
				IBSC_MODULE = The_Red_Alliance_WatchKit_Extension;
				INFOPLIST_KEY_UISupportedInterfaceOrientations = "UIInterfaceOrientationPortrait UIInterfaceOrientationPortraitUpsideDown";
				INFOPLIST_KEY_WKCompanionAppBundleIdentifier = "com.Brady-Adams.The-Red-Alliance";
				MARKETING_VERSION = 1.0;
				PRODUCT_BUNDLE_IDENTIFIER = "com.Brady-Adams.The-Red-Alliance.watchkitapp";
				PRODUCT_NAME = "Chuck Norris";
				SDKROOT = watchos;
				SKIP_INSTALL = YES;
				SWIFT_EMIT_LOC_STRINGS = YES;
				SWIFT_VERSION = 5.0;
				TARGETED_DEVICE_FAMILY = 4;
				VALIDATE_PRODUCT = YES;
				WATCHOS_DEPLOYMENT_TARGET = 8.5;
			};
			name = Release;
		};
/* End XCBuildConfiguration section */

/* Begin XCConfigurationList section */
		23F700FD28172D5A006C9ACE /* Build configuration list for PBXProject "The Red Alliance" */ = {
			isa = XCConfigurationList;
			buildConfigurations = (
				23F7012D28172D5C006C9ACE /* Debug */,
				23F7012E28172D5C006C9ACE /* Release */,
			);
			defaultConfigurationIsVisible = 0;
			defaultConfigurationName = Release;
		};
		23F7012F28172D5C006C9ACE /* Build configuration list for PBXNativeTarget "The Red Alliance (iOS)" */ = {
			isa = XCConfigurationList;
			buildConfigurations = (
				23F7013028172D5C006C9ACE /* Debug */,
				23F7013128172D5C006C9ACE /* Release */,
			);
			defaultConfigurationIsVisible = 0;
			defaultConfigurationName = Release;
		};
		23F70174281738C3006C9ACE /* Build configuration list for PBXNativeTarget "The Red Alliance WatchKit Extension" */ = {
			isa = XCConfigurationList;
			buildConfigurations = (
				23F70175281738C3006C9ACE /* Debug */,
				23F70176281738C3006C9ACE /* Release */,
			);
			defaultConfigurationIsVisible = 0;
			defaultConfigurationName = Release;
		};
		23F70178281738C3006C9ACE /* Build configuration list for PBXNativeTarget "The Red Alliance" */ = {
			isa = XCConfigurationList;
			buildConfigurations = (
				23F70179281738C3006C9ACE /* Debug */,
				23F7017A281738C3006C9ACE /* Release */,
			);
			defaultConfigurationIsVisible = 0;
			defaultConfigurationName = Release;
		};
/* End XCConfigurationList section */
	};
	rootObject = 23F700FA28172D5A006C9ACE /* Project object */;
}
